// !$*UTF8*$!
{
	archiveVersion = 1;
	classes = {
	};
	objectVersion = 50;
	objects = {

/* Begin PBXBuildFile section */
		DD3EBD17223A7BB900F62509 /* BreedsTableViewController.swift in Sources */ = {isa = PBXBuildFile; fileRef = DD3EBD16223A7BB900F62509 /* BreedsTableViewController.swift */; };
		DD404AB5223962CA008188CA /* AppDelegate.swift in Sources */ = {isa = PBXBuildFile; fileRef = DD404AB4223962CA008188CA /* AppDelegate.swift */; };
		DD404ABA223962CA008188CA /* Main.storyboard in Resources */ = {isa = PBXBuildFile; fileRef = DD404AB8223962CA008188CA /* Main.storyboard */; };
		DD404ABC223962F1008188CA /* Assets.xcassets in Resources */ = {isa = PBXBuildFile; fileRef = DD404ABB223962F1008188CA /* Assets.xcassets */; };
		DD404ABF223962F1008188CA /* LaunchScreen.storyboard in Resources */ = {isa = PBXBuildFile; fileRef = DD404ABD223962F1008188CA /* LaunchScreen.storyboard */; };
		DD963DB022397CA1007F700E /* DogApi.swift in Sources */ = {isa = PBXBuildFile; fileRef = DD963DAF22397CA1007F700E /* DogApi.swift */; };
		DDC8DA6E223A785800E90F94 /* BreedsListResponse.swift in Sources */ = {isa = PBXBuildFile; fileRef = DDC8DA6D223A785800E90F94 /* BreedsListResponse.swift */; };
/* End PBXBuildFile section */

/* Begin PBXFileReference section */
		DD3EBD16223A7BB900F62509 /* BreedsTableViewController.swift */ = {isa = PBXFileReference; lastKnownFileType = sourcecode.swift; path = BreedsTableViewController.swift; sourceTree = "<group>"; };
		DD404AB1223962CA008188CA /* BreedsApp.app */ = {isa = PBXFileReference; explicitFileType = wrapper.application; includeInIndex = 0; path = BreedsApp.app; sourceTree = BUILT_PRODUCTS_DIR; };
		DD404AB4223962CA008188CA /* AppDelegate.swift */ = {isa = PBXFileReference; lastKnownFileType = sourcecode.swift; path = AppDelegate.swift; sourceTree = "<group>"; };
		DD404AB9223962CA008188CA /* Base */ = {isa = PBXFileReference; lastKnownFileType = file.storyboard; name = Base; path = Base.lproj/Main.storyboard; sourceTree = "<group>"; };
		DD404ABB223962F1008188CA /* Assets.xcassets */ = {isa = PBXFileReference; lastKnownFileType = folder.assetcatalog; path = Assets.xcassets; sourceTree = "<group>"; };
		DD404ABE223962F1008188CA /* Base */ = {isa = PBXFileReference; lastKnownFileType = file.storyboard; name = Base; path = Base.lproj/LaunchScreen.storyboard; sourceTree = "<group>"; };
		DD404AC0223962F1008188CA /* Info.plist */ = {isa = PBXFileReference; lastKnownFileType = text.plist.xml; path = Info.plist; sourceTree = "<group>"; };
		DD963DAF22397CA1007F700E /* DogApi.swift */ = {isa = PBXFileReference; lastKnownFileType = sourcecode.swift; path = DogApi.swift; sourceTree = "<group>"; };
		DDC8DA6D223A785800E90F94 /* BreedsListResponse.swift */ = {isa = PBXFileReference; lastKnownFileType = sourcecode.swift; path = BreedsListResponse.swift; sourceTree = "<group>"; };
/* End PBXFileReference section */

/* Begin PBXFrameworksBuildPhase section */
		DD404AAE223962CA008188CA /* Frameworks */ = {
			isa = PBXFrameworksBuildPhase;
			buildActionMask = 2147483647;
			files = (
			);
			runOnlyForDeploymentPostprocessing = 0;
		};
/* End PBXFrameworksBuildPhase section */

/* Begin PBXGroup section */
		DD404AA8223962CA008188CA = {
			isa = PBXGroup;
			children = (
				DD404AB3223962CA008188CA /* BreedsApp */,
				DD404AB2223962CA008188CA /* Products */,
			);
			sourceTree = "<group>";
		};
		DD404AB2223962CA008188CA /* Products */ = {
			isa = PBXGroup;
			children = (
				DD404AB1223962CA008188CA /* BreedsApp.app */,
			);
			name = Products;
			sourceTree = "<group>";
		};
		DD404AB3223962CA008188CA /* BreedsApp */ = {
			isa = PBXGroup;
			children = (
				DD404AC622396394008188CA /* Model */,
				DD404AC82239641B008188CA /* Controller */,
				DDC8DA6C223A762B00E90F94 /* View */,
				DD404AC0223962F1008188CA /* Info.plist */,
			);
			path = BreedsApp;
			sourceTree = "<group>";
		};
		DD404AC622396394008188CA /* Model */ = {
			isa = PBXGroup;
			children = (
				DD963DAF22397CA1007F700E /* DogApi.swift */,
				DDC8DA6D223A785800E90F94 /* BreedsListResponse.swift */,
			);
			path = Model;
			sourceTree = "<group>";
		};
		DD404AC82239641B008188CA /* Controller */ = {
			isa = PBXGroup;
			children = (
				DDC8DA6F223A791F00E90F94 /* Delegate */,
				DD963DA822397725007F700E /* BreedsList */,
			);
			path = Controller;
			sourceTree = "<group>";
		};
		DD963DA822397725007F700E /* BreedsList */ = {
			isa = PBXGroup;
			children = (
				DD3EBD16223A7BB900F62509 /* BreedsTableViewController.swift */,
			);
			path = BreedsList;
			sourceTree = "<group>";
		};
		DDC8DA6C223A762B00E90F94 /* View */ = {
			isa = PBXGroup;
			children = (
				DD404AB8223962CA008188CA /* Main.storyboard */,
				DD404ABD223962F1008188CA /* LaunchScreen.storyboard */,
				DD404ABB223962F1008188CA /* Assets.xcassets */,
			);
			path = View;
			sourceTree = "<group>";
		};
		DDC8DA6F223A791F00E90F94 /* Delegate */ = {
			isa = PBXGroup;
			children = (
				DD404AB4223962CA008188CA /* AppDelegate.swift */,
			);
			path = Delegate;
			sourceTree = "<group>";
		};
/* End PBXGroup section */

/* Begin PBXNativeTarget section */
		DD404AB0223962CA008188CA /* BreedsApp */ = {
			isa = PBXNativeTarget;
			buildConfigurationList = DD404AC3223962F1008188CA /* Build configuration list for PBXNativeTarget "BreedsApp" */;
			buildPhases = (
				DD404AAD223962CA008188CA /* Sources */,
				DD404AAE223962CA008188CA /* Frameworks */,
				DD404AAF223962CA008188CA /* Resources */,
			);
			buildRules = (
			);
			dependencies = (
			);
			name = BreedsApp;
			productName = BreedsApp;
			productReference = DD404AB1223962CA008188CA /* BreedsApp.app */;
			productType = "com.apple.product-type.application";
		};
/* End PBXNativeTarget section */

/* Begin PBXProject section */
		DD404AA9223962CA008188CA /* Project object */ = {
			isa = PBXProject;
			attributes = {
				LastSwiftUpdateCheck = 1010;
				LastUpgradeCheck = 1010;
				ORGANIZATIONNAME = "Silas S. Caxias";
				TargetAttributes = {
					DD404AB0223962CA008188CA = {
						CreatedOnToolsVersion = 10.1;
					};
				};
			};
			buildConfigurationList = DD404AAC223962CA008188CA /* Build configuration list for PBXProject "BreedsApp" */;
			compatibilityVersion = "Xcode 9.3";
			developmentRegion = en;
			hasScannedForEncodings = 0;
			knownRegions = (
				en,
				Base,
			);
			mainGroup = DD404AA8223962CA008188CA;
			productRefGroup = DD404AB2223962CA008188CA /* Products */;
			projectDirPath = "";
			projectRoot = "";
			targets = (
				DD404AB0223962CA008188CA /* BreedsApp */,
			);
		};
/* End PBXProject section */

/* Begin PBXResourcesBuildPhase section */
		DD404AAF223962CA008188CA /* Resources */ = {
			isa = PBXResourcesBuildPhase;
			buildActionMask = 2147483647;
			files = (
				DD404ABF223962F1008188CA /* LaunchScreen.storyboard in Resources */,
				DD404ABC223962F1008188CA /* Assets.xcassets in Resources */,
				DD404ABA223962CA008188CA /* Main.storyboard in Resources */,
			);
			runOnlyForDeploymentPostprocessing = 0;
		};
/* End PBXResourcesBuildPhase section */

/* Begin PBXSourcesBuildPhase section */
		DD404AAD223962CA008188CA /* Sources */ = {
			isa = PBXSourcesBuildPhase;
			buildActionMask = 2147483647;
			files = (
				DD404AB5223962CA008188CA /* AppDelegate.swift in Sources */,
				DD963DB022397CA1007F700E /* DogApi.swift in Sources */,
				DD3EBD17223A7BB900F62509 /* BreedsTableViewController.swift in Sources */,
				DDC8DA6E223A785800E90F94 /* BreedsListResponse.swift in Sources */,
			);
			runOnlyForDeploymentPostprocessing = 0;
		};
/* End PBXSourcesBuildPhase section */

/* Begin PBXVariantGroup section */
		DD404AB8223962CA008188CA /* Main.storyboard */ = {
			isa = PBXVariantGroup;
			children = (
				DD404AB9223962CA008188CA /* Base */,
			);
			name = Main.storyboard;
			sourceTree = "<group>";
		};
		DD404ABD223962F1008188CA /* LaunchScreen.storyboard */ = {
			isa = PBXVariantGroup;
			children = (
				DD404ABE223962F1008188CA /* Base */,
			);
			name = LaunchScreen.storyboard;
			sourceTree = "<group>";
		};
/* End PBXVariantGroup section */

/* Begin XCBuildConfiguration section */
		DD404AC1223962F1008188CA /* Debug */ = {
			isa = XCBuildConfiguration;
			buildSettings = {
				ALWAYS_SEARCH_USER_PATHS = NO;
				CLANG_ANALYZER_NONNULL = YES;
				CLANG_ANALYZER_NUMBER_OBJECT_CONVERSION = YES_AGGRESSIVE;
				CLANG_CXX_LANGUAGE_STANDARD = "gnu++14";
				CLANG_CXX_LIBRARY = "libc++";
				CLANG_ENABLE_MODULES = YES;
				CLANG_ENABLE_OBJC_ARC = YES;
				CLANG_ENABLE_OBJC_WEAK = YES;
				CLANG_WARN_BLOCK_CAPTURE_AUTORELEASING = YES;
				CLANG_WARN_BOOL_CONVERSION = YES;
				CLANG_WARN_COMMA = YES;
				CLANG_WARN_CONSTANT_CONVERSION = YES;
				CLANG_WARN_DEPRECATED_OBJC_IMPLEMENTATIONS = YES;
				CLANG_WARN_DIRECT_OBJC_ISA_USAGE = YES_ERROR;
				CLANG_WARN_DOCUMENTATION_COMMENTS = YES;
				CLANG_WARN_EMPTY_BODY = YES;
				CLANG_WARN_ENUM_CONVERSION = YES;
				CLANG_WARN_INFINITE_RECURSION = YES;
				CLANG_WARN_INT_CONVERSION = YES;
				CLANG_WARN_NON_LITERAL_NULL_CONVERSION = YES;
				CLANG_WARN_OBJC_IMPLICIT_RETAIN_SELF = YES;
				CLANG_WARN_OBJC_LITERAL_CONVERSION = YES;
				CLANG_WARN_OBJC_ROOT_CLASS = YES_ERROR;
				CLANG_WARN_RANGE_LOOP_ANALYSIS = YES;
				CLANG_WARN_STRICT_PROTOTYPES = YES;
				CLANG_WARN_SUSPICIOUS_MOVE = YES;
				CLANG_WARN_UNGUARDED_AVAILABILITY = YES_AGGRESSIVE;
				CLANG_WARN_UNREACHABLE_CODE = YES;
				CLANG_WARN__DUPLICATE_METHOD_MATCH = YES;
				CODE_SIGN_IDENTITY = "iPhone Developer";
				COPY_PHASE_STRIP = NO;
				DEBUG_INFORMATION_FORMAT = dwarf;
				ENABLE_STRICT_OBJC_MSGSEND = YES;
				ENABLE_TESTABILITY = YES;
				GCC_C_LANGUAGE_STANDARD = gnu11;
				GCC_DYNAMIC_NO_PIC = NO;
				GCC_NO_COMMON_BLOCKS = YES;
				GCC_OPTIMIZATION_LEVEL = 0;
				GCC_PREPROCESSOR_DEFINITIONS = (
					"DEBUG=1",
					"$(inherited)",
				);
				GCC_WARN_64_TO_32_BIT_CONVERSION = YES;
				GCC_WARN_ABOUT_RETURN_TYPE = YES_ERROR;
				GCC_WARN_UNDECLARED_SELECTOR = YES;
				GCC_WARN_UNINITIALIZED_AUTOS = YES_AGGRESSIVE;
				GCC_WARN_UNUSED_FUNCTION = YES;
				GCC_WARN_UNUSED_VARIABLE = YES;
				IPHONEOS_DEPLOYMENT_TARGET = 12.1;
				MTL_ENABLE_DEBUG_INFO = INCLUDE_SOURCE;
				MTL_FAST_MATH = YES;
				ONLY_ACTIVE_ARCH = YES;
				SDKROOT = iphoneos;
				SWIFT_ACTIVE_COMPILATION_CONDITIONS = DEBUG;
				SWIFT_OPTIMIZATION_LEVEL = "-Onone";
			};
			name = Debug;
		};
		DD404AC2223962F1008188CA /* Release */ = {
			isa = XCBuildConfiguration;
			buildSettings = {
				ALWAYS_SEARCH_USER_PATHS = NO;
				CLANG_ANALYZER_NONNULL = YES;
				CLANG_ANALYZER_NUMBER_OBJECT_CONVERSION = YES_AGGRESSIVE;
				CLANG_CXX_LANGUAGE_STANDARD = "gnu++14";
				CLANG_CXX_LIBRARY = "libc++";
				CLANG_ENABLE_MODULES = YES;
				CLANG_ENABLE_OBJC_ARC = YES;
				CLANG_ENABLE_OBJC_WEAK = YES;
				CLANG_WARN_BLOCK_CAPTURE_AUTORELEASING = YES;
				CLANG_WARN_BOOL_CONVERSION = YES;
				CLANG_WARN_COMMA = YES;
				CLANG_WARN_CONSTANT_CONVERSION = YES;
				CLANG_WARN_DEPRECATED_OBJC_IMPLEMENTATIONS = YES;
				CLANG_WARN_DIRECT_OBJC_ISA_USAGE = YES_ERROR;
				CLANG_WARN_DOCUMENTATION_COMMENTS = YES;
				CLANG_WARN_EMPTY_BODY = YES;
				CLANG_WARN_ENUM_CONVERSION = YES;
				CLANG_WARN_INFINITE_RECURSION = YES;
				CLANG_WARN_INT_CONVERSION = YES;
				CLANG_WARN_NON_LITERAL_NULL_CONVERSION = YES;
				CLANG_WARN_OBJC_IMPLICIT_RETAIN_SELF = YES;
				CLANG_WARN_OBJC_LITERAL_CONVERSION = YES;
				CLANG_WARN_OBJC_ROOT_CLASS = YES_ERROR;
				CLANG_WARN_RANGE_LOOP_ANALYSIS = YES;
				CLANG_WARN_STRICT_PROTOTYPES = YES;
				CLANG_WARN_SUSPICIOUS_MOVE = YES;
				CLANG_WARN_UNGUARDED_AVAILABILITY = YES_AGGRESSIVE;
				CLANG_WARN_UNREACHABLE_CODE = YES;
				CLANG_WARN__DUPLICATE_METHOD_MATCH = YES;
				CODE_SIGN_IDENTITY = "iPhone Developer";
				COPY_PHASE_STRIP = NO;
				DEBUG_INFORMATION_FORMAT = "dwarf-with-dsym";
				ENABLE_NS_ASSERTIONS = NO;
				ENABLE_STRICT_OBJC_MSGSEND = YES;
				GCC_C_LANGUAGE_STANDARD = gnu11;
				GCC_NO_COMMON_BLOCKS = YES;
				GCC_WARN_64_TO_32_BIT_CONVERSION = YES;
				GCC_WARN_ABOUT_RETURN_TYPE = YES_ERROR;
				GCC_WARN_UNDECLARED_SELECTOR = YES;
				GCC_WARN_UNINITIALIZED_AUTOS = YES_AGGRESSIVE;
				GCC_WARN_UNUSED_FUNCTION = YES;
				GCC_WARN_UNUSED_VARIABLE = YES;
				IPHONEOS_DEPLOYMENT_TARGET = 12.1;
				MTL_ENABLE_DEBUG_INFO = NO;
				MTL_FAST_MATH = YES;
				SDKROOT = iphoneos;
				SWIFT_COMPILATION_MODE = wholemodule;
				SWIFT_OPTIMIZATION_LEVEL = "-O";
				VALIDATE_PRODUCT = YES;
			};
			name = Release;
		};
		DD404AC4223962F1008188CA /* Debug */ = {
			isa = XCBuildConfiguration;
			buildSettings = {
				ASSETCATALOG_COMPILER_APPICON_NAME = AppIcon;
				CODE_SIGN_STYLE = Automatic;
				INFOPLIST_FILE = BreedsApp/Info.plist;
				LD_RUNPATH_SEARCH_PATHS = (
					"$(inherited)",
					"@executable_path/Frameworks",
				);
				PRODUCT_BUNDLE_IDENTIFIER = com.luxfacta.treinamento.BreedsApp;
				PRODUCT_NAME = "$(TARGET_NAME)";
				SWIFT_VERSION = 4.2;
				TARGETED_DEVICE_FAMILY = "1,2";
			};
			name = Debug;
		};
		DD404AC5223962F1008188CA /* Release */ = {
			isa = XCBuildConfiguration;
			buildSettings = {
				ASSETCATALOG_COMPILER_APPICON_NAME = AppIcon;
				CODE_SIGN_STYLE = Automatic;
				INFOPLIST_FILE = BreedsApp/Info.plist;
				LD_RUNPATH_SEARCH_PATHS = (
					"$(inherited)",
					"@executable_path/Frameworks",
				);
				PRODUCT_BUNDLE_IDENTIFIER = com.luxfacta.treinamento.BreedsApp;
				PRODUCT_NAME = "$(TARGET_NAME)";
				SWIFT_VERSION = 4.2;
				TARGETED_DEVICE_FAMILY = "1,2";
			};
			name = Release;
		};
/* End XCBuildConfiguration section */

/* Begin XCConfigurationList section */
		DD404AAC223962CA008188CA /* Build configuration list for PBXProject "BreedsApp" */ = {
			isa = XCConfigurationList;
			buildConfigurations = (
				DD404AC1223962F1008188CA /* Debug */,
				DD404AC2223962F1008188CA /* Release */,
			);
			defaultConfigurationIsVisible = 0;
			defaultConfigurationName = Release;
		};
		DD404AC3223962F1008188CA /* Build configuration list for PBXNativeTarget "BreedsApp" */ = {
			isa = XCConfigurationList;
			buildConfigurations = (
				DD404AC4223962F1008188CA /* Debug */,
				DD404AC5223962F1008188CA /* Release */,
			);
			defaultConfigurationIsVisible = 0;
			defaultConfigurationName = Release;
		};
/* End XCConfigurationList section */
	};
	rootObject = DD404AA9223962CA008188CA /* Project object */;
}
